// !$*UTF8*$!
{
	archiveVersion = 1;
	classes = {
	};
	objectVersion = 54;
	objects = {

/* Begin PBXBuildFile section */
		02948DEE29CFC76D00F82F28 /* AppDelegate.swift in Sources */ = {isa = PBXBuildFile; fileRef = 02948DED29CFC76D00F82F28 /* AppDelegate.swift */; };
		02948DF029CFC76D00F82F28 /* SceneDelegate.swift in Sources */ = {isa = PBXBuildFile; fileRef = 02948DEF29CFC76D00F82F28 /* SceneDelegate.swift */; };
		02948DF529CFC76D00F82F28 /* Main.storyboard in Resources */ = {isa = PBXBuildFile; fileRef = 02948DF329CFC76D00F82F28 /* Main.storyboard */; };
		02948DF729CFC76E00F82F28 /* Assets.xcassets in Resources */ = {isa = PBXBuildFile; fileRef = 02948DF629CFC76E00F82F28 /* Assets.xcassets */; };
		02948DFA29CFC76E00F82F28 /* LaunchScreen.storyboard in Resources */ = {isa = PBXBuildFile; fileRef = 02948DF829CFC76E00F82F28 /* LaunchScreen.storyboard */; };
		52EBB44229D651010077A682 /* AlbumModel.swift in Sources */ = {isa = PBXBuildFile; fileRef = 52EBB44129D651010077A682 /* AlbumModel.swift */; };
		52EBB44829D71E380077A682 /* Constants.swift in Sources */ = {isa = PBXBuildFile; fileRef = 52EBB44529D71E380077A682 /* Constants.swift */; };
		52EBB44929D71E380077A682 /* TargetType.swift in Sources */ = {isa = PBXBuildFile; fileRef = 52EBB44629D71E380077A682 /* TargetType.swift */; };
		52EBB44A29D71E380077A682 /* BaseAPI.swift in Sources */ = {isa = PBXBuildFile; fileRef = 52EBB44729D71E380077A682 /* BaseAPI.swift */; };
		52EBB44D29D71F520077A682 /* AlbumListVC.swift in Sources */ = {isa = PBXBuildFile; fileRef = 52EBB44C29D71F520077A682 /* AlbumListVC.swift */; };
		52EBB45029D71F800077A682 /* AlbumListCell.swift in Sources */ = {isa = PBXBuildFile; fileRef = 52EBB44E29D71F800077A682 /* AlbumListCell.swift */; };
		52EBB45129D71F800077A682 /* AlbumListCell.xib in Resources */ = {isa = PBXBuildFile; fileRef = 52EBB44F29D71F800077A682 /* AlbumListCell.xib */; };
		52EBB45429D720250077A682 /* ImageView+Ext.swift in Sources */ = {isa = PBXBuildFile; fileRef = 52EBB45329D720250077A682 /* ImageView+Ext.swift */; };
		52EBB45829D723710077A682 /* AlbumListVCNetworking.swift in Sources */ = {isa = PBXBuildFile; fileRef = 52EBB45729D723710077A682 /* AlbumListVCNetworking.swift */; };
		52EBB45A29D7244A0077A682 /* AlbumListAPI.swift in Sources */ = {isa = PBXBuildFile; fileRef = 52EBB45929D7244A0077A682 /* AlbumListAPI.swift */; };
		52EBB45E29D7253D0077A682 /* MVVMObservable.swift in Sources */ = {isa = PBXBuildFile; fileRef = 52EBB45D29D7253D0077A682 /* MVVMObservable.swift */; };
		52EBB46029D725530077A682 /* AlbumListViewModel.swift in Sources */ = {isa = PBXBuildFile; fileRef = 52EBB45F29D725530077A682 /* AlbumListViewModel.swift */; };
/* End PBXBuildFile section */

/* Begin PBXFileReference section */
		02948DEA29CFC76D00F82F28 /* AlbumListAPP.app */ = {isa = PBXFileReference; explicitFileType = wrapper.application; includeInIndex = 0; path = AlbumListAPP.app; sourceTree = BUILT_PRODUCTS_DIR; };
		02948DED29CFC76D00F82F28 /* AppDelegate.swift */ = {isa = PBXFileReference; lastKnownFileType = sourcecode.swift; path = AppDelegate.swift; sourceTree = "<group>"; };
		02948DEF29CFC76D00F82F28 /* SceneDelegate.swift */ = {isa = PBXFileReference; lastKnownFileType = sourcecode.swift; path = SceneDelegate.swift; sourceTree = "<group>"; };
		02948DF429CFC76D00F82F28 /* Base */ = {isa = PBXFileReference; lastKnownFileType = file.storyboard; name = Base; path = Base.lproj/Main.storyboard; sourceTree = "<group>"; };
		02948DF629CFC76E00F82F28 /* Assets.xcassets */ = {isa = PBXFileReference; lastKnownFileType = folder.assetcatalog; path = Assets.xcassets; sourceTree = "<group>"; };
		02948DF929CFC76E00F82F28 /* Base */ = {isa = PBXFileReference; lastKnownFileType = file.storyboard; name = Base; path = Base.lproj/LaunchScreen.storyboard; sourceTree = "<group>"; };
		02948DFB29CFC76E00F82F28 /* Info.plist */ = {isa = PBXFileReference; lastKnownFileType = text.plist.xml; path = Info.plist; sourceTree = "<group>"; };
		52EBB44129D651010077A682 /* AlbumModel.swift */ = {isa = PBXFileReference; lastKnownFileType = sourcecode.swift; path = AlbumModel.swift; sourceTree = "<group>"; };
		52EBB44529D71E380077A682 /* Constants.swift */ = {isa = PBXFileReference; fileEncoding = 4; lastKnownFileType = sourcecode.swift; path = Constants.swift; sourceTree = "<group>"; };
		52EBB44629D71E380077A682 /* TargetType.swift */ = {isa = PBXFileReference; fileEncoding = 4; lastKnownFileType = sourcecode.swift; path = TargetType.swift; sourceTree = "<group>"; };
		52EBB44729D71E380077A682 /* BaseAPI.swift */ = {isa = PBXFileReference; fileEncoding = 4; lastKnownFileType = sourcecode.swift; path = BaseAPI.swift; sourceTree = "<group>"; };
		52EBB44C29D71F520077A682 /* AlbumListVC.swift */ = {isa = PBXFileReference; lastKnownFileType = sourcecode.swift; path = AlbumListVC.swift; sourceTree = "<group>"; };
		52EBB44E29D71F800077A682 /* AlbumListCell.swift */ = {isa = PBXFileReference; lastKnownFileType = sourcecode.swift; path = AlbumListCell.swift; sourceTree = "<group>"; };
		52EBB44F29D71F800077A682 /* AlbumListCell.xib */ = {isa = PBXFileReference; lastKnownFileType = file.xib; path = AlbumListCell.xib; sourceTree = "<group>"; };
		52EBB45329D720250077A682 /* ImageView+Ext.swift */ = {isa = PBXFileReference; lastKnownFileType = sourcecode.swift; path = "ImageView+Ext.swift"; sourceTree = "<group>"; };
		52EBB45729D723710077A682 /* AlbumListVCNetworking.swift */ = {isa = PBXFileReference; lastKnownFileType = sourcecode.swift; path = AlbumListVCNetworking.swift; sourceTree = "<group>"; };
		52EBB45929D7244A0077A682 /* AlbumListAPI.swift */ = {isa = PBXFileReference; lastKnownFileType = sourcecode.swift; path = AlbumListAPI.swift; sourceTree = "<group>"; };
		52EBB45D29D7253D0077A682 /* MVVMObservable.swift */ = {isa = PBXFileReference; lastKnownFileType = sourcecode.swift; path = MVVMObservable.swift; sourceTree = "<group>"; };
		52EBB45F29D725530077A682 /* AlbumListViewModel.swift */ = {isa = PBXFileReference; lastKnownFileType = sourcecode.swift; path = AlbumListViewModel.swift; sourceTree = "<group>"; };
/* End PBXFileReference section */

/* Begin PBXFrameworksBuildPhase section */
		02948DE729CFC76D00F82F28 /* Frameworks */ = {
			isa = PBXFrameworksBuildPhase;
			buildActionMask = 2147483647;
			files = (
			);
			runOnlyForDeploymentPostprocessing = 0;
		};
/* End PBXFrameworksBuildPhase section */

/* Begin PBXGroup section */
		02948DE129CFC76D00F82F28 = {
			isa = PBXGroup;
			children = (
				02948DEC29CFC76D00F82F28 /* AlbumListAPP */,
				02948DEB29CFC76D00F82F28 /* Products */,
			);
			sourceTree = "<group>";
		};
		02948DEB29CFC76D00F82F28 /* Products */ = {
			isa = PBXGroup;
			children = (
				02948DEA29CFC76D00F82F28 /* AlbumListAPP.app */,
			);
			name = Products;
			sourceTree = "<group>";
		};
		02948DEC29CFC76D00F82F28 /* AlbumListAPP */ = {
			isa = PBXGroup;
			children = (
				52EBB45C29D725260077A682 /* MVVMObsevable */,
				52EBB45529D7203E0077A682 /* AppDelegate */,
				52EBB45229D720130077A682 /* Extensions */,
				52EBB44329D71E380077A682 /* Networking */,
				52EBB43F29D650CA0077A682 /* Album List */,
				02948DF329CFC76D00F82F28 /* Main.storyboard */,
				02948DF629CFC76E00F82F28 /* Assets.xcassets */,
				02948DF829CFC76E00F82F28 /* LaunchScreen.storyboard */,
				02948DFB29CFC76E00F82F28 /* Info.plist */,
			);
			path = AlbumListAPP;
			sourceTree = "<group>";
		};
		52EBB43F29D650CA0077A682 /* Album List */ = {
			isa = PBXGroup;
			children = (
				52EBB44B29D71F390077A682 /* View */,
				52EBB45B29D7250C0077A682 /* viewModel */,
				52EBB44029D650E00077A682 /* Album Networking */,
			);
			path = "Album List";
			sourceTree = "<group>";
		};
		52EBB44029D650E00077A682 /* Album Networking */ = {
			isa = PBXGroup;
			children = (
				52EBB45729D723710077A682 /* AlbumListVCNetworking.swift */,
				52EBB44129D651010077A682 /* AlbumModel.swift */,
				52EBB45929D7244A0077A682 /* AlbumListAPI.swift */,
			);
			path = "Album Networking";
			sourceTree = "<group>";
		};
		52EBB44329D71E380077A682 /* Networking */ = {
			isa = PBXGroup;
			children = (
				52EBB44429D71E380077A682 /* Base */,
			);
			path = Networking;
			sourceTree = "<group>";
		};
		52EBB44429D71E380077A682 /* Base */ = {
			isa = PBXGroup;
			children = (
				52EBB44529D71E380077A682 /* Constants.swift */,
				52EBB44629D71E380077A682 /* TargetType.swift */,
				52EBB44729D71E380077A682 /* BaseAPI.swift */,
			);
			path = Base;
			sourceTree = "<group>";
		};
		52EBB44B29D71F390077A682 /* View */ = {
			isa = PBXGroup;
			children = (
				52EBB44C29D71F520077A682 /* AlbumListVC.swift */,
				52EBB44E29D71F800077A682 /* AlbumListCell.swift */,
				52EBB44F29D71F800077A682 /* AlbumListCell.xib */,
			);
			path = View;
			sourceTree = "<group>";
		};
		52EBB45229D720130077A682 /* Extensions */ = {
			isa = PBXGroup;
			children = (
				52EBB45329D720250077A682 /* ImageView+Ext.swift */,
			);
			path = Extensions;
			sourceTree = "<group>";
		};
		52EBB45529D7203E0077A682 /* AppDelegate */ = {
			isa = PBXGroup;
			children = (
				02948DED29CFC76D00F82F28 /* AppDelegate.swift */,
				02948DEF29CFC76D00F82F28 /* SceneDelegate.swift */,
			);
			path = AppDelegate;
			sourceTree = "<group>";
		};
		52EBB45B29D7250C0077A682 /* viewModel */ = {
			isa = PBXGroup;
			children = (
				52EBB45F29D725530077A682 /* AlbumListViewModel.swift */,
			);
			path = viewModel;
			sourceTree = "<group>";
		};
		52EBB45C29D725260077A682 /* MVVMObsevable */ = {
			isa = PBXGroup;
			children = (
				52EBB45D29D7253D0077A682 /* MVVMObservable.swift */,
			);
			path = MVVMObsevable;
			sourceTree = "<group>";
		};
/* End PBXGroup section */

/* Begin PBXNativeTarget section */
		02948DE929CFC76D00F82F28 /* AlbumListAPP */ = {
			isa = PBXNativeTarget;
			buildConfigurationList = 02948DFE29CFC76E00F82F28 /* Build configuration list for PBXNativeTarget "AlbumListAPP" */;
			buildPhases = (
				02948DE629CFC76D00F82F28 /* Sources */,
				02948DE729CFC76D00F82F28 /* Frameworks */,
				02948DE829CFC76D00F82F28 /* Resources */,
			);
			buildRules = (
			);
			dependencies = (
			);
			name = AlbumListAPP;
			productName = "Starter Project";
			productReference = 02948DEA29CFC76D00F82F28 /* AlbumListAPP.app */;
			productType = "com.apple.product-type.application";
		};
/* End PBXNativeTarget section */

/* Begin PBXProject section */
		02948DE229CFC76D00F82F28 /* Project object */ = {
			isa = PBXProject;
			attributes = {
				BuildIndependentTargetsInParallel = 1;
				LastSwiftUpdateCheck = 1420;
				LastUpgradeCheck = 1420;
				TargetAttributes = {
					02948DE929CFC76D00F82F28 = {
						CreatedOnToolsVersion = 14.2;
					};
				};
			};
			buildConfigurationList = 02948DE529CFC76D00F82F28 /* Build configuration list for PBXProject "AlbumListAPP" */;
			compatibilityVersion = "Xcode 12.0";
			developmentRegion = en;
			hasScannedForEncodings = 0;
			knownRegions = (
				en,
				Base,
			);
			mainGroup = 02948DE129CFC76D00F82F28;
			productRefGroup = 02948DEB29CFC76D00F82F28 /* Products */;
			projectDirPath = "";
			projectRoot = "";
			targets = (
				02948DE929CFC76D00F82F28 /* AlbumListAPP */,
			);
		};
/* End PBXProject section */

/* Begin PBXResourcesBuildPhase section */
		02948DE829CFC76D00F82F28 /* Resources */ = {
			isa = PBXResourcesBuildPhase;
			buildActionMask = 2147483647;
			files = (
				02948DFA29CFC76E00F82F28 /* LaunchScreen.storyboard in Resources */,
				02948DF729CFC76E00F82F28 /* Assets.xcassets in Resources */,
				02948DF529CFC76D00F82F28 /* Main.storyboard in Resources */,
				52EBB45129D71F800077A682 /* AlbumListCell.xib in Resources */,
			);
			runOnlyForDeploymentPostprocessing = 0;
		};
/* End PBXResourcesBuildPhase section */

/* Begin PBXSourcesBuildPhase section */
		02948DE629CFC76D00F82F28 /* Sources */ = {
			isa = PBXSourcesBuildPhase;
			buildActionMask = 2147483647;
			files = (
				52EBB44929D71E380077A682 /* TargetType.swift in Sources */,
				52EBB44829D71E380077A682 /* Constants.swift in Sources */,
				52EBB44D29D71F520077A682 /* AlbumListVC.swift in Sources */,
				52EBB46029D725530077A682 /* AlbumListViewModel.swift in Sources */,
				52EBB44229D651010077A682 /* AlbumModel.swift in Sources */,
				02948DEE29CFC76D00F82F28 /* AppDelegate.swift in Sources */,
				52EBB45429D720250077A682 /* ImageView+Ext.swift in Sources */,
				02948DF029CFC76D00F82F28 /* SceneDelegate.swift in Sources */,
				52EBB44A29D71E380077A682 /* BaseAPI.swift in Sources */,
				52EBB45829D723710077A682 /* AlbumListVCNetworking.swift in Sources */,
				52EBB45A29D7244A0077A682 /* AlbumListAPI.swift in Sources */,
				52EBB45E29D7253D0077A682 /* MVVMObservable.swift in Sources */,
				52EBB45029D71F800077A682 /* AlbumListCell.swift in Sources */,
			);
			runOnlyForDeploymentPostprocessing = 0;
		};
/* End PBXSourcesBuildPhase section */

/* Begin PBXVariantGroup section */
		02948DF329CFC76D00F82F28 /* Main.storyboard */ = {
			isa = PBXVariantGroup;
			children = (
				02948DF429CFC76D00F82F28 /* Base */,
			);
			name = Main.storyboard;
			sourceTree = "<group>";
		};
		02948DF829CFC76E00F82F28 /* LaunchScreen.storyboard */ = {
			isa = PBXVariantGroup;
			children = (
				02948DF929CFC76E00F82F28 /* Base */,
			);
			name = LaunchScreen.storyboard;
			sourceTree = "<group>";
		};
/* End PBXVariantGroup section */

/* Begin XCBuildConfiguration section */
		02948DFC29CFC76E00F82F28 /* Debug */ = {
			isa = XCBuildConfiguration;
			buildSettings = {
				ALWAYS_SEARCH_USER_PATHS = NO;
				CLANG_ANALYZER_NONNULL = YES;
				CLANG_ANALYZER_NUMBER_OBJECT_CONVERSION = YES_AGGRESSIVE;
				CLANG_CXX_LANGUAGE_STANDARD = "gnu++20";
				CLANG_ENABLE_MODULES = YES;
				CLANG_ENABLE_OBJC_ARC = YES;
				CLANG_ENABLE_OBJC_WEAK = YES;
				CLANG_WARN_BLOCK_CAPTURE_AUTORELEASING = YES;
				CLANG_WARN_BOOL_CONVERSION = YES;
				CLANG_WARN_COMMA = YES;
				CLANG_WARN_CONSTANT_CONVERSION = YES;
				CLANG_WARN_DEPRECATED_OBJC_IMPLEMENTATIONS = YES;
				CLANG_WARN_DIRECT_OBJC_ISA_USAGE = YES_ERROR;
				CLANG_WARN_DOCUMENTATION_COMMENTS = YES;
				CLANG_WARN_EMPTY_BODY = YES;
				CLANG_WARN_ENUM_CONVERSION = YES;
				CLANG_WARN_INFINITE_RECURSION = YES;
				CLANG_WARN_INT_CONVERSION = YES;
				CLANG_WARN_NON_LITERAL_NULL_CONVERSION = YES;
				CLANG_WARN_OBJC_IMPLICIT_RETAIN_SELF = YES;
				CLANG_WARN_OBJC_LITERAL_CONVERSION = YES;
				CLANG_WARN_OBJC_ROOT_CLASS = YES_ERROR;
				CLANG_WARN_QUOTED_INCLUDE_IN_FRAMEWORK_HEADER = YES;
				CLANG_WARN_RANGE_LOOP_ANALYSIS = YES;
				CLANG_WARN_STRICT_PROTOTYPES = YES;
				CLANG_WARN_SUSPICIOUS_MOVE = YES;
				CLANG_WARN_UNGUARDED_AVAILABILITY = YES_AGGRESSIVE;
				CLANG_WARN_UNREACHABLE_CODE = YES;
				CLANG_WARN__DUPLICATE_METHOD_MATCH = YES;
				COPY_PHASE_STRIP = NO;
				DEBUG_INFORMATION_FORMAT = dwarf;
				ENABLE_STRICT_OBJC_MSGSEND = YES;
				ENABLE_TESTABILITY = YES;
				GCC_C_LANGUAGE_STANDARD = gnu11;
				GCC_DYNAMIC_NO_PIC = NO;
				GCC_NO_COMMON_BLOCKS = YES;
				GCC_OPTIMIZATION_LEVEL = 0;
				GCC_PREPROCESSOR_DEFINITIONS = (
					"DEBUG=1",
					"$(inherited)",
				);
				GCC_WARN_64_TO_32_BIT_CONVERSION = YES;
				GCC_WARN_ABOUT_RETURN_TYPE = YES_ERROR;
				GCC_WARN_UNDECLARED_SELECTOR = YES;
				GCC_WARN_UNINITIALIZED_AUTOS = YES_AGGRESSIVE;
				GCC_WARN_UNUSED_FUNCTION = YES;
				GCC_WARN_UNUSED_VARIABLE = YES;
				IPHONEOS_DEPLOYMENT_TARGET = 16.2;
				MTL_ENABLE_DEBUG_INFO = INCLUDE_SOURCE;
				MTL_FAST_MATH = YES;
				ONLY_ACTIVE_ARCH = YES;
				SDKROOT = iphoneos;
				SWIFT_ACTIVE_COMPILATION_CONDITIONS = DEBUG;
				SWIFT_OPTIMIZATION_LEVEL = "-Onone";
			};
			name = Debug;
		};
		02948DFD29CFC76E00F82F28 /* Release */ = {
			isa = XCBuildConfiguration;
			buildSettings = {
				ALWAYS_SEARCH_USER_PATHS = NO;
				CLANG_ANALYZER_NONNULL = YES;
				CLANG_ANALYZER_NUMBER_OBJECT_CONVERSION = YES_AGGRESSIVE;
				CLANG_CXX_LANGUAGE_STANDARD = "gnu++20";
				CLANG_ENABLE_MODULES = YES;
				CLANG_ENABLE_OBJC_ARC = YES;
				CLANG_ENABLE_OBJC_WEAK = YES;
				CLANG_WARN_BLOCK_CAPTURE_AUTORELEASING = YES;
				CLANG_WARN_BOOL_CONVERSION = YES;
				CLANG_WARN_COMMA = YES;
				CLANG_WARN_CONSTANT_CONVERSION = YES;
				CLANG_WARN_DEPRECATED_OBJC_IMPLEMENTATIONS = YES;
				CLANG_WARN_DIRECT_OBJC_ISA_USAGE = YES_ERROR;
				CLANG_WARN_DOCUMENTATION_COMMENTS = YES;
				CLANG_WARN_EMPTY_BODY = YES;
				CLANG_WARN_ENUM_CONVERSION = YES;
				CLANG_WARN_INFINITE_RECURSION = YES;
				CLANG_WARN_INT_CONVERSION = YES;
				CLANG_WARN_NON_LITERAL_NULL_CONVERSION = YES;
				CLANG_WARN_OBJC_IMPLICIT_RETAIN_SELF = YES;
				CLANG_WARN_OBJC_LITERAL_CONVERSION = YES;
				CLANG_WARN_OBJC_ROOT_CLASS = YES_ERROR;
				CLANG_WARN_QUOTED_INCLUDE_IN_FRAMEWORK_HEADER = YES;
				CLANG_WARN_RANGE_LOOP_ANALYSIS = YES;
				CLANG_WARN_STRICT_PROTOTYPES = YES;
				CLANG_WARN_SUSPICIOUS_MOVE = YES;
				CLANG_WARN_UNGUARDED_AVAILABILITY = YES_AGGRESSIVE;
				CLANG_WARN_UNREACHABLE_CODE = YES;
				CLANG_WARN__DUPLICATE_METHOD_MATCH = YES;
				COPY_PHASE_STRIP = NO;
				DEBUG_INFORMATION_FORMAT = "dwarf-with-dsym";
				ENABLE_NS_ASSERTIONS = NO;
				ENABLE_STRICT_OBJC_MSGSEND = YES;
				GCC_C_LANGUAGE_STANDARD = gnu11;
				GCC_NO_COMMON_BLOCKS = YES;
				GCC_WARN_64_TO_32_BIT_CONVERSION = YES;
				GCC_WARN_ABOUT_RETURN_TYPE = YES_ERROR;
				GCC_WARN_UNDECLARED_SELECTOR = YES;
				GCC_WARN_UNINITIALIZED_AUTOS = YES_AGGRESSIVE;
				GCC_WARN_UNUSED_FUNCTION = YES;
				GCC_WARN_UNUSED_VARIABLE = YES;
				IPHONEOS_DEPLOYMENT_TARGET = 16.2;
				MTL_ENABLE_DEBUG_INFO = NO;
				MTL_FAST_MATH = YES;
				SDKROOT = iphoneos;
				SWIFT_COMPILATION_MODE = wholemodule;
				SWIFT_OPTIMIZATION_LEVEL = "-O";
				VALIDATE_PRODUCT = YES;
			};
			name = Release;
		};
		02948DFF29CFC76E00F82F28 /* Debug */ = {
			isa = XCBuildConfiguration;
			buildSettings = {
				ASSETCATALOG_COMPILER_APPICON_NAME = AppIcon;
				ASSETCATALOG_COMPILER_GLOBAL_ACCENT_COLOR_NAME = AccentColor;
				CODE_SIGN_STYLE = Automatic;
				CURRENT_PROJECT_VERSION = 1;
				DEVELOPMENT_TEAM = JUUZV79G5F;
				GENERATE_INFOPLIST_FILE = YES;
				INFOPLIST_FILE = "Starter Project/Info.plist";
				INFOPLIST_KEY_UIApplicationSupportsIndirectInputEvents = YES;
				INFOPLIST_KEY_UILaunchStoryboardName = LaunchScreen;
				INFOPLIST_KEY_UIMainStoryboardFile = Main;
				INFOPLIST_KEY_UISupportedInterfaceOrientations_iPad = "UIInterfaceOrientationPortrait UIInterfaceOrientationPortraitUpsideDown UIInterfaceOrientationLandscapeLeft UIInterfaceOrientationLandscapeRight";
				INFOPLIST_KEY_UISupportedInterfaceOrientations_iPhone = "UIInterfaceOrientationPortrait UIInterfaceOrientationLandscapeLeft UIInterfaceOrientationLandscapeRight";
				LD_RUNPATH_SEARCH_PATHS = (
					"$(inherited)",
					"@executable_path/Frameworks",
				);
				MARKETING_VERSION = 1.0;
				PRODUCT_BUNDLE_IDENTIFIER = "com.motoon.Starter-Project";
				PRODUCT_NAME = "$(TARGET_NAME)";
				SWIFT_EMIT_LOC_STRINGS = YES;
				SWIFT_VERSION = 5.0;
				TARGETED_DEVICE_FAMILY = "1,2";
			};
			name = Debug;
		};
		02948E0029CFC76E00F82F28 /* Release */ = {
			isa = XCBuildConfiguration;
			buildSettings = {
				ASSETCATALOG_COMPILER_APPICON_NAME = AppIcon;
				ASSETCATALOG_COMPILER_GLOBAL_ACCENT_COLOR_NAME = AccentColor;
				CODE_SIGN_STYLE = Automatic;
				CURRENT_PROJECT_VERSION = 1;
				DEVELOPMENT_TEAM = JUUZV79G5F;
				GENERATE_INFOPLIST_FILE = YES;
				INFOPLIST_FILE = "Starter Project/Info.plist";
				INFOPLIST_KEY_UIApplicationSupportsIndirectInputEvents = YES;
				INFOPLIST_KEY_UILaunchStoryboardName = LaunchScreen;
				INFOPLIST_KEY_UIMainStoryboardFile = Main;
				INFOPLIST_KEY_UISupportedInterfaceOrientations_iPad = "UIInterfaceOrientationPortrait UIInterfaceOrientationPortraitUpsideDown UIInterfaceOrientationLandscapeLeft UIInterfaceOrientationLandscapeRight";
				INFOPLIST_KEY_UISupportedInterfaceOrientations_iPhone = "UIInterfaceOrientationPortrait UIInterfaceOrientationLandscapeLeft UIInterfaceOrientationLandscapeRight";
				LD_RUNPATH_SEARCH_PATHS = (
					"$(inherited)",
					"@executable_path/Frameworks",
				);
				MARKETING_VERSION = 1.0;
				PRODUCT_BUNDLE_IDENTIFIER = "com.motoon.Starter-Project";
				PRODUCT_NAME = "$(TARGET_NAME)";
				SWIFT_EMIT_LOC_STRINGS = YES;
				SWIFT_VERSION = 5.0;
				TARGETED_DEVICE_FAMILY = "1,2";
			};
			name = Release;
		};
/* End XCBuildConfiguration section */

/* Begin XCConfigurationList section */
		02948DE529CFC76D00F82F28 /* Build configuration list for PBXProject "AlbumListAPP" */ = {
			isa = XCConfigurationList;
			buildConfigurations = (
				02948DFC29CFC76E00F82F28 /* Debug */,
				02948DFD29CFC76E00F82F28 /* Release */,
			);
			defaultConfigurationIsVisible = 0;
			defaultConfigurationName = Release;
		};
		02948DFE29CFC76E00F82F28 /* Build configuration list for PBXNativeTarget "AlbumListAPP" */ = {
			isa = XCConfigurationList;
			buildConfigurations = (
				02948DFF29CFC76E00F82F28 /* Debug */,
				02948E0029CFC76E00F82F28 /* Release */,
			);
			defaultConfigurationIsVisible = 0;
			defaultConfigurationName = Release;
		};
/* End XCConfigurationList section */
	};
	rootObject = 02948DE229CFC76D00F82F28 /* Project object */;
}
